
Microsoft Visual Studio Solution File, Format Version 12.00
# Visual Studio Version 16
VisualStudioVersion = 16.0.31911.196
MinimumVisualStudioVersion = 10.0.40219.1
Project("{F2A71F9B-5D33-465A-A702-920D77279786}") = "IJ45HA_MIDI_Visualizer", "IJ45HA_MIDI_Visualizer\IJ45HA_MIDI_Visualizer.fsproj", "{4BFB0120-8A5C-432D-AB33-FB9796B56475}"
EndProject
Global
	GlobalSection(SolutionConfigurationPlatforms) = preSolution
		Debug|Any CPU = Debug|Any CPU
		Release|Any CPU = Release|Any CPU
	EndGlobalSection
	GlobalSection(ProjectConfigurationPlatforms) = postSolution
		{4BFB0120-8A5C-432D-AB33-FB9796B56475}.Debug|Any CPU.ActiveCfg = Debug|Any CPU
		{4BFB0120-8A5C-432D-AB33-FB9796B56475}.Debug|Any CPU.Build.0 = Debug|Any CPU
		{4BFB0120-8A5C-432D-AB33-FB9796B56475}.Release|Any CPU.ActiveCfg = Release|Any CPU
		{4BFB0120-8A5C-432D-AB33-FB9796B56475}.Release|Any CPU.Build.0 = Release|Any CPU
	EndGlobalSection
	GlobalSection(SolutionProperties) = preSolution
		HideSolutionNode = FALSE
	EndGlobalSection
	GlobalSection(ExtensibilityGlobals) = postSolution
		SolutionGuid = {E90238C8-0BC3-4886-8665-8E21F2E63F34}
	EndGlobalSection
EndGlobal
